
Microsoft Visual Studio Solution File, Format Version 12.00
# Visual Studio 15
VisualStudioVersion = 15.0.27703.2026
MinimumVisualStudioVersion = 10.0.40219.1
Project("{FAE04EC0-301F-11D3-BF4B-00C04F79EFBC}") = "ClassLibrary3", "ClassLibrary3\ClassLibrary3.csproj", "{1C4A8BA9-E10F-473C-9BA3-5089621174A9}"
EndProject
Project("{FAE04EC0-301F-11D3-BF4B-00C04F79EFBC}") = "ConsoleApp451", "ConsoleApp451\ConsoleApp451.csproj", "{A9A83849-E932-45C5-82A7-42CDB7877CAE}"
EndProject
Project("{FAE04EC0-301F-11D3-BF4B-00C04F79EFBC}") = "AssemblyModifier", "AssemblyModifier\AssemblyModifier.csproj", "{FEC015E5-47E4-45C3-9983-A9BEEF26167A}"
EndProject
Project("{FAE04EC0-301F-11D3-BF4B-00C04F79EFBC}") = "BasicLogger", "BasicLogger\BasicLogger.csproj", "{232A290D-E330-4847-95BB-AE8DDD4D88B3}"
EndProject
Project("{FAE04EC0-301F-11D3-BF4B-00C04F79EFBC}") = "CommonComponents", "CommonComponents\CommonComponents.csproj", "{9E585404-63CB-47E8-9639-59A0C235AFA4}"
EndProject
Global
	GlobalSection(SolutionConfigurationPlatforms) = preSolution
		Debug|Any CPU = Debug|Any CPU
		Release|Any CPU = Release|Any CPU
	EndGlobalSection
	GlobalSection(ProjectConfigurationPlatforms) = postSolution
		{1C4A8BA9-E10F-473C-9BA3-5089621174A9}.Debug|Any CPU.ActiveCfg = Debug|Any CPU
		{1C4A8BA9-E10F-473C-9BA3-5089621174A9}.Debug|Any CPU.Build.0 = Debug|Any CPU
		{1C4A8BA9-E10F-473C-9BA3-5089621174A9}.Release|Any CPU.ActiveCfg = Release|Any CPU
		{1C4A8BA9-E10F-473C-9BA3-5089621174A9}.Release|Any CPU.Build.0 = Release|Any CPU
		{A9A83849-E932-45C5-82A7-42CDB7877CAE}.Debug|Any CPU.ActiveCfg = Debug|Any CPU
		{A9A83849-E932-45C5-82A7-42CDB7877CAE}.Debug|Any CPU.Build.0 = Debug|Any CPU
		{A9A83849-E932-45C5-82A7-42CDB7877CAE}.Release|Any CPU.ActiveCfg = Release|Any CPU
		{A9A83849-E932-45C5-82A7-42CDB7877CAE}.Release|Any CPU.Build.0 = Release|Any CPU
		{FEC015E5-47E4-45C3-9983-A9BEEF26167A}.Debug|Any CPU.ActiveCfg = Debug|Any CPU
		{FEC015E5-47E4-45C3-9983-A9BEEF26167A}.Debug|Any CPU.Build.0 = Debug|Any CPU
		{FEC015E5-47E4-45C3-9983-A9BEEF26167A}.Release|Any CPU.ActiveCfg = Release|Any CPU
		{FEC015E5-47E4-45C3-9983-A9BEEF26167A}.Release|Any CPU.Build.0 = Release|Any CPU
		{232A290D-E330-4847-95BB-AE8DDD4D88B3}.Debug|Any CPU.ActiveCfg = Debug|Any CPU
		{232A290D-E330-4847-95BB-AE8DDD4D88B3}.Debug|Any CPU.Build.0 = Debug|Any CPU
		{232A290D-E330-4847-95BB-AE8DDD4D88B3}.Release|Any CPU.ActiveCfg = Release|Any CPU
		{232A290D-E330-4847-95BB-AE8DDD4D88B3}.Release|Any CPU.Build.0 = Release|Any CPU
		{9E585404-63CB-47E8-9639-59A0C235AFA4}.Debug|Any CPU.ActiveCfg = Debug|Any CPU
		{9E585404-63CB-47E8-9639-59A0C235AFA4}.Debug|Any CPU.Build.0 = Debug|Any CPU
		{9E585404-63CB-47E8-9639-59A0C235AFA4}.Release|Any CPU.ActiveCfg = Release|Any CPU
		{9E585404-63CB-47E8-9639-59A0C235AFA4}.Release|Any CPU.Build.0 = Release|Any CPU
	EndGlobalSection
	GlobalSection(SolutionProperties) = preSolution
		HideSolutionNode = FALSE
	EndGlobalSection
	GlobalSection(ExtensibilityGlobals) = postSolution
		SolutionGuid = {4C2CC7B4-69EC-4E5B-8BF9-3724CF7F06E4}
	EndGlobalSection
EndGlobal
